
Microsoft Visual Studio Solution File, Format Version 12.00
# Visual Studio Version 17
VisualStudioVersion = 17.9.34723.18
MinimumVisualStudioVersion = 10.0.40219.1
Project("{9A19103F-16F7-4668-BE54-9A1E7A4F7556}") = "01_SystemTimersOne", "SystemTimersOne\01_SystemTimersOne.csproj", "{213A5A43-6A33-4D05-BF86-88F10A3B0A01}"
EndProject
Project("{FAE04EC0-301F-11D3-BF4B-00C04F79EFBC}") = "02_SystemTimersTwo", "SystemTimersTwo\02_SystemTimersTwo.csproj", "{EE7399EF-B940-4C0C-921B-00177991BF0F}"
EndProject
Global
	GlobalSection(SolutionConfigurationPlatforms) = preSolution
		Debug|Any CPU = Debug|Any CPU
		Release|Any CPU = Release|Any CPU
	EndGlobalSection
	GlobalSection(ProjectConfigurationPlatforms) = postSolution
		{213A5A43-6A33-4D05-BF86-88F10A3B0A01}.Debug|Any CPU.ActiveCfg = Debug|Any CPU
		{213A5A43-6A33-4D05-BF86-88F10A3B0A01}.Debug|Any CPU.Build.0 = Debug|Any CPU
		{213A5A43-6A33-4D05-BF86-88F10A3B0A01}.Release|Any CPU.ActiveCfg = Release|Any CPU
		{213A5A43-6A33-4D05-BF86-88F10A3B0A01}.Release|Any CPU.Build.0 = Release|Any CPU
		{EE7399EF-B940-4C0C-921B-00177991BF0F}.Debug|Any CPU.ActiveCfg = Debug|Any CPU
		{EE7399EF-B940-4C0C-921B-00177991BF0F}.Debug|Any CPU.Build.0 = Debug|Any CPU
		{EE7399EF-B940-4C0C-921B-00177991BF0F}.Release|Any CPU.ActiveCfg = Release|Any CPU
		{EE7399EF-B940-4C0C-921B-00177991BF0F}.Release|Any CPU.Build.0 = Release|Any CPU
	EndGlobalSection
	GlobalSection(SolutionProperties) = preSolution
		HideSolutionNode = FALSE
	EndGlobalSection
	GlobalSection(ExtensibilityGlobals) = postSolution
		SolutionGuid = {E056393E-8038-4DF6-A685-851C4AF79DD5}
	EndGlobalSection
EndGlobal
